
Microsoft Visual Studio Solution File, Format Version 12.00
# Visual Studio Version 17
VisualStudioVersion = 17.0.31903.59
MinimumVisualStudioVersion = 10.0.40219.1
Project("{2150E333-8FDC-42A3-9474-1A3956D46DE8}") = "src", "src", "{827E0CD3-B72D-47B6-A68D-7590B98EB39B}"
EndProject
Project("{FAE04EC0-301F-11D3-BF4B-00C04F79EFBC}") = "God2.ClassicServer.Application", "src\God2.ClassicServer.Application\God2.ClassicServer.Application.csproj", "{F2C97443-0F9E-41E2-BA62-9BCAD04735C4}"
EndProject
Project("{FAE04EC0-301F-11D3-BF4B-00C04F79EFBC}") = "God2.ClassicServer.ConsoleHost", "src\God2.ClassicServer.ConsoleHost\God2.ClassicServer.ConsoleHost.csproj", "{91E15BB9-1A05-40FC-94B7-C0690B81DE1F}"
EndProject
Project("{FAE04EC0-301F-11D3-BF4B-00C04F79EFBC}") = "God2.ClassicServer.Domain", "src\God2.ClassicServer.Domain\God2.ClassicServer.Domain.csproj", "{1136CE21-64E5-48E3-A56E-930563F86375}"
EndProject
Project("{FAE04EC0-301F-11D3-BF4B-00C04F79EFBC}") = "God2.ClassicServer.Infrastructure", "src\God2.ClassicServer.Infrastructure\God2.ClassicServer.Infrastructure.csproj", "{7FB4B3DE-9700-4CD2-9902-A22B35F7E3A9}"
EndProject
Project("{FAE04EC0-301F-11D3-BF4B-00C04F79EFBC}") = "God2.ClassicServer.Persistence", "src\God2.ClassicServer.Persistence\God2.ClassicServer.Persistence.csproj", "{25AE04A5-695D-4CE6-8BEB-C47A0AB2C12B}"
EndProject
Project("{FAE04EC0-301F-11D3-BF4B-00C04F79EFBC}") = "God2.ClassicServer.Protocol", "src\God2.ClassicServer.Protocol\God2.ClassicServer.Protocol.csproj", "{B6019B55-0121-448F-B299-6225AC6BA3E1}"
EndProject
Project("{FAE04EC0-301F-11D3-BF4B-00C04F79EFBC}") = "God2.ClassicServer.Runtime", "src\God2.ClassicServer.Runtime\God2.ClassicServer.Runtime.csproj", "{62436214-B357-4E15-BD06-419670952200}"
EndProject
Project("{2150E333-8FDC-42A3-9474-1A3956D46DE8}") = "tests", "tests", "{0AB3BF05-4346-4AA6-1389-037BE0695223}"
EndProject
Project("{FAE04EC0-301F-11D3-BF4B-00C04F79EFBC}") = "God2.ClassicServer.Application.Tests", "tests\God2.ClassicServer.Application.Tests\God2.ClassicServer.Application.Tests.csproj", "{C5A23D73-DA40-4557-94D4-980D90BF35C4}"
EndProject
Project("{FAE04EC0-301F-11D3-BF4B-00C04F79EFBC}") = "God2.ClassicServer.Domain.Tests", "tests\God2.ClassicServer.Domain.Tests\God2.ClassicServer.Domain.Tests.csproj", "{EF1C6660-F82C-454A-BCFB-D2A560A67BC4}"
EndProject
Project("{FAE04EC0-301F-11D3-BF4B-00C04F79EFBC}") = "God2.ClassicServer.IntegrationTests", "tests\God2.ClassicServer.IntegrationTests\God2.ClassicServer.IntegrationTests.csproj", "{4E0062EE-958A-458C-B4D1-A56A644C8EB8}"
EndProject
Project("{FAE04EC0-301F-11D3-BF4B-00C04F79EFBC}") = "God2.ClassicServer.Persistence.Tests", "tests\God2.ClassicServer.Persistence.Tests\God2.ClassicServer.Persistence.Tests.csproj", "{A0693A10-35A8-42AE-A16A-84A8C2CA51DD}"
EndProject
Project("{FAE04EC0-301F-11D3-BF4B-00C04F79EFBC}") = "God2.ClassicServer.Protocol.Tests", "tests\God2.ClassicServer.Protocol.Tests\God2.ClassicServer.Protocol.Tests.csproj", "{6DD65696-CA3D-4EE6-97B0-40E3B8E0AF12}"
EndProject
Project("{FAE04EC0-301F-11D3-BF4B-00C04F79EFBC}") = "God2.ClassicServer.Runtime.Tests", "tests\God2.ClassicServer.Runtime.Tests\God2.ClassicServer.Runtime.Tests.csproj", "{A9872A6F-590D-423D-A11F-7FD32905B3E9}"
EndProject
Project("{FAE04EC0-301F-11D3-BF4B-00C04F79EFBC}") = "God2.ClassicServer.HeadlessGameplay.Tests", "tests\God2.ClassicServer.HeadlessGameplay.Tests\God2.ClassicServer.HeadlessGameplay.Tests.csproj", "{D4F02A74-370E-4CE2-A31B-FE95C4B9A770}"
EndProject
Project("{FAE04EC0-301F-11D3-BF4B-00C04F79EFBC}") = "God2.OfflineClientReverseEngineering.Tests", "tests\God2.OfflineClientReverseEngineering.Tests\God2.OfflineClientReverseEngineering.Tests.csproj", "{C13BB9E5-1D99-4D6B-8D80-CC7B4C0E30B1}"
EndProject
Project("{2150E333-8FDC-42A3-9474-1A3956D46DE8}") = "tools", "tools", "{07C2787E-EAC7-C090-1BA3-A61EC2A24D84}"
EndProject
Project("{FAE04EC0-301F-11D3-BF4B-00C04F79EFBC}") = "God2.LoginEvidenceRecovery", "tools\God2.LoginEvidenceRecovery\God2.LoginEvidenceRecovery.csproj", "{6B48F06F-1EF0-49EF-B6D8-156B5B1CE344}"
EndProject
Project("{FAE04EC0-301F-11D3-BF4B-00C04F79EFBC}") = "God2.AutomationEnvironmentProbe", "tools\God2.AutomationEnvironmentProbe\God2.AutomationEnvironmentProbe.csproj", "{792989A4-4EAB-4ACA-AF2A-64EE65F4091C}"
EndProject
Project("{FAE04EC0-301F-11D3-BF4B-00C04F79EFBC}") = "God2.CurrentSourceMariaDbFixture", "tools\God2.CurrentSourceMariaDbFixture\God2.CurrentSourceMariaDbFixture.csproj", "{E2A57B5C-A87D-4FD3-8F37-C66EE58F6A71}"
EndProject
Project("{FAE04EC0-301F-11D3-BF4B-00C04F79EFBC}") = "God2.RuntimeNpcEvidence", "tools\God2.RuntimeNpcEvidence\God2.RuntimeNpcEvidence.csproj", "{BFB16456-61FB-40B7-8A4B-851269A03AEE}"
EndProject
Project("{FAE04EC0-301F-11D3-BF4B-00C04F79EFBC}") = "God2.CharacterLifecycleEvidence", "tools\God2.CharacterLifecycleEvidence\God2.CharacterLifecycleEvidence.csproj", "{FFAD77BA-0D8F-41D5-9328-96C858A1CEF9}"
EndProject
Project("{FAE04EC0-301F-11D3-BF4B-00C04F79EFBC}") = "God2.CharacterLifecycleFinalReport", "tools\God2.CharacterLifecycleFinalReport\God2.CharacterLifecycleFinalReport.csproj", "{AAD436E3-84B5-45D7-87A1-4EC3A51C80F5}"
EndProject
Project("{FAE04EC0-301F-11D3-BF4B-00C04F79EFBC}") = "God2.AdvancedHeadlessVerification", "tools\God2.AdvancedHeadlessVerification\God2.AdvancedHeadlessVerification.csproj", "{E3F92A61-7C7A-4FD8-904D-0C3ADFBECF54}"
EndProject
Project("{FAE04EC0-301F-11D3-BF4B-00C04F79EFBC}") = "God2.OfflineClientReverseEngineering", "tools\God2.OfflineClientReverseEngineering\God2.OfflineClientReverseEngineering.csproj", "{DEF5F2FE-22A3-4882-83B6-93C4DD7A5F71}"
EndProject
Project("{FAE04EC0-301F-11D3-BF4B-00C04F79EFBC}") = "God2.ClientInstrumentation.Analyzer", "tools\God2.ClientInstrumentation\Analyzer\God2.ClientInstrumentation.Analyzer.csproj", "{A7E22A5C-E45D-4FCA-B56C-5E1E234AB891}"
EndProject
Project("{FAE04EC0-301F-11D3-BF4B-00C04F79EFBC}") = "God2.GameplayContentRecovery", "tools\God2.GameplayContentRecovery\God2.GameplayContentRecovery.csproj", "{C096A119-DE0B-45A0-AC0C-4F3C2AF3EBF7}"
EndProject
Project("{FAE04EC0-301F-11D3-BF4B-00C04F79EFBC}") = "God2.GameplayContentRecovery.Tests", "tests\God2.GameplayContentRecovery.Tests\God2.GameplayContentRecovery.Tests.csproj", "{51FDF2A6-98E1-4419-A391-B92C9C56B42B}"
EndProject
Project("{FAE04EC0-301F-11D3-BF4B-00C04F79EFBC}") = "God2.GameCatalogBuilder", "tools\God2.GameCatalogBuilder\God2.GameCatalogBuilder.csproj", "{E0932DFC-B015-41BE-8E08-E2C517D265DA}"
EndProject
Project("{FAE04EC0-301F-11D3-BF4B-00C04F79EFBC}") = "God2.ExistingClientDataRecovery", "tools\God2.ExistingClientDataRecovery\God2.ExistingClientDataRecovery.csproj", "{A705E246-9B0F-487D-97A1-A0847E68ACD2}"
EndProject
Project("{FAE04EC0-301F-11D3-BF4B-00C04F79EFBC}") = "God2.TypedDatasetBuilder", "tools\God2.TypedDatasetBuilder\God2.TypedDatasetBuilder.csproj", "{8603C91B-2425-42BE-B7C9-49C2A6EDDE1E}"
EndProject
Project("{FAE04EC0-301F-11D3-BF4B-00C04F79EFBC}") = "God2.RecoveredDatabaseImporter", "tools\God2.RecoveredDatabaseImporter\God2.RecoveredDatabaseImporter.csproj", "{ED8EC4D9-05EC-425A-A456-143C724B260C}"
EndProject
Project("{FAE04EC0-301F-11D3-BF4B-00C04F79EFBC}") = "God2.RecoveredDatabaseImporter.Tests", "tests\God2.RecoveredDatabaseImporter.Tests\God2.RecoveredDatabaseImporter.Tests.csproj", "{7C09B8E4-67D6-4DBA-A865-2D82C250B9AA}"
EndProject
Project("{FAE04EC0-301F-11D3-BF4B-00C04F79EFBC}") = "God2.ReadableDatabaseBuilder", "tools\God2.ReadableDatabaseBuilder\God2.ReadableDatabaseBuilder.csproj", "{893FDA66-EF45-4E2E-8263-3BD1ECC29D55}"
EndProject
Project("{FAE04EC0-301F-11D3-BF4B-00C04F79EFBC}") = "God2.ItemAssetVerifier", "tools\God2.ItemAssetVerifier\God2.ItemAssetVerifier.csproj", "{F4B0A89D-2AB3-4161-B08A-A751606BE1B5}"
EndProject
Project("{FAE04EC0-301F-11D3-BF4B-00C04F79EFBC}") = "God2.ZhTwDatabaseViews", "tools\God2.ZhTwDatabaseViews\God2.ZhTwDatabaseViews.csproj", "{58D289A6-0F49-4575-86D1-C518172B76F4}"
EndProject
Global
	GlobalSection(SolutionConfigurationPlatforms) = preSolution
		Debug|Any CPU = Debug|Any CPU
		Debug|x64 = Debug|x64
		Debug|x86 = Debug|x86
		Release|Any CPU = Release|Any CPU
		Release|x64 = Release|x64
		Release|x86 = Release|x86
	EndGlobalSection
	GlobalSection(ProjectConfigurationPlatforms) = postSolution
		{F2C97443-0F9E-41E2-BA62-9BCAD04735C4}.Debug|Any CPU.ActiveCfg = Debug|Any CPU
		{F2C97443-0F9E-41E2-BA62-9BCAD04735C4}.Debug|Any CPU.Build.0 = Debug|Any CPU
		{F2C97443-0F9E-41E2-BA62-9BCAD04735C4}.Debug|x64.ActiveCfg = Debug|Any CPU
		{F2C97443-0F9E-41E2-BA62-9BCAD04735C4}.Debug|x64.Build.0 = Debug|Any CPU
		{F2C97443-0F9E-41E2-BA62-9BCAD04735C4}.Debug|x86.ActiveCfg = Debug|Any CPU
		{F2C97443-0F9E-41E2-BA62-9BCAD04735C4}.Debug|x86.Build.0 = Debug|Any CPU
		{F2C97443-0F9E-41E2-BA62-9BCAD04735C4}.Release|Any CPU.ActiveCfg = Release|Any CPU
		{F2C97443-0F9E-41E2-BA62-9BCAD04735C4}.Release|Any CPU.Build.0 = Release|Any CPU
		{F2C97443-0F9E-41E2-BA62-9BCAD04735C4}.Release|x64.ActiveCfg = Release|Any CPU
		{F2C97443-0F9E-41E2-BA62-9BCAD04735C4}.Release|x64.Build.0 = Release|Any CPU
		{F2C97443-0F9E-41E2-BA62-9BCAD04735C4}.Release|x86.ActiveCfg = Release|Any CPU
		{F2C97443-0F9E-41E2-BA62-9BCAD04735C4}.Release|x86.Build.0 = Release|Any CPU
		{91E15BB9-1A05-40FC-94B7-C0690B81DE1F}.Debug|Any CPU.ActiveCfg = Debug|Any CPU
		{91E15BB9-1A05-40FC-94B7-C0690B81DE1F}.Debug|Any CPU.Build.0 = Debug|Any CPU
		{91E15BB9-1A05-40FC-94B7-C0690B81DE1F}.Debug|x64.ActiveCfg = Debug|Any CPU
		{91E15BB9-1A05-40FC-94B7-C0690B81DE1F}.Debug|x64.Build.0 = Debug|Any CPU
		{91E15BB9-1A05-40FC-94B7-C0690B81DE1F}.Debug|x86.ActiveCfg = Debug|Any CPU
		{91E15BB9-1A05-40FC-94B7-C0690B81DE1F}.Debug|x86.Build.0 = Debug|Any CPU
		{91E15BB9-1A05-40FC-94B7-C0690B81DE1F}.Release|Any CPU.ActiveCfg = Release|Any CPU
		{91E15BB9-1A05-40FC-94B7-C0690B81DE1F}.Release|Any CPU.Build.0 = Release|Any CPU
		{91E15BB9-1A05-40FC-94B7-C0690B81DE1F}.Release|x64.ActiveCfg = Release|Any CPU
		{91E15BB9-1A05-40FC-94B7-C0690B81DE1F}.Release|x64.Build.0 = Release|Any CPU
		{91E15BB9-1A05-40FC-94B7-C0690B81DE1F}.Release|x86.ActiveCfg = Release|Any CPU
		{91E15BB9-1A05-40FC-94B7-C0690B81DE1F}.Release|x86.Build.0 = Release|Any CPU
		{1136CE21-64E5-48E3-A56E-930563F86375}.Debug|Any CPU.ActiveCfg = Debug|Any CPU
		{1136CE21-64E5-48E3-A56E-930563F86375}.Debug|Any CPU.Build.0 = Debug|Any CPU
		{1136CE21-64E5-48E3-A56E-930563F86375}.Debug|x64.ActiveCfg = Debug|Any CPU
		{1136CE21-64E5-48E3-A56E-930563F86375}.Debug|x64.Build.0 = Debug|Any CPU
		{1136CE21-64E5-48E3-A56E-930563F86375}.Debug|x86.ActiveCfg = Debug|Any CPU
		{1136CE21-64E5-48E3-A56E-930563F86375}.Debug|x86.Build.0 = Debug|Any CPU
		{1136CE21-64E5-48E3-A56E-930563F86375}.Release|Any CPU.ActiveCfg = Release|Any CPU
		{1136CE21-64E5-48E3-A56E-930563F86375}.Release|Any CPU.Build.0 = Release|Any CPU
		{1136CE21-64E5-48E3-A56E-930563F86375}.Release|x64.ActiveCfg = Release|Any CPU
		{1136CE21-64E5-48E3-A56E-930563F86375}.Release|x64.Build.0 = Release|Any CPU
		{1136CE21-64E5-48E3-A56E-930563F86375}.Release|x86.ActiveCfg = Release|Any CPU
		{1136CE21-64E5-48E3-A56E-930563F86375}.Release|x86.Build.0 = Release|Any CPU
		{7FB4B3DE-9700-4CD2-9902-A22B35F7E3A9}.Debug|Any CPU.ActiveCfg = Debug|Any CPU
		{7FB4B3DE-9700-4CD2-9902-A22B35F7E3A9}.Debug|Any CPU.Build.0 = Debug|Any CPU
		{7FB4B3DE-9700-4CD2-9902-A22B35F7E3A9}.Debug|x64.ActiveCfg = Debug|Any CPU
		{7FB4B3DE-9700-4CD2-9902-A22B35F7E3A9}.Debug|x64.Build.0 = Debug|Any CPU
		{7FB4B3DE-9700-4CD2-9902-A22B35F7E3A9}.Debug|x86.ActiveCfg = Debug|Any CPU
		{7FB4B3DE-9700-4CD2-9902-A22B35F7E3A9}.Debug|x86.Build.0 = Debug|Any CPU
		{7FB4B3DE-9700-4CD2-9902-A22B35F7E3A9}.Release|Any CPU.ActiveCfg = Release|Any CPU
		{7FB4B3DE-9700-4CD2-9902-A22B35F7E3A9}.Release|Any CPU.Build.0 = Release|Any CPU
		{7FB4B3DE-9700-4CD2-9902-A22B35F7E3A9}.Release|x64.ActiveCfg = Release|Any CPU
		{7FB4B3DE-9700-4CD2-9902-A22B35F7E3A9}.Release|x64.Build.0 = Release|Any CPU
		{7FB4B3DE-9700-4CD2-9902-A22B35F7E3A9}.Release|x86.ActiveCfg = Release|Any CPU
		{7FB4B3DE-9700-4CD2-9902-A22B35F7E3A9}.Release|x86.Build.0 = Release|Any CPU
		{25AE04A5-695D-4CE6-8BEB-C47A0AB2C12B}.Debug|Any CPU.ActiveCfg = Debug|Any CPU
		{25AE04A5-695D-4CE6-8BEB-C47A0AB2C12B}.Debug|Any CPU.Build.0 = Debug|Any CPU
		{25AE04A5-695D-4CE6-8BEB-C47A0AB2C12B}.Debug|x64.ActiveCfg = Debug|Any CPU
		{25AE04A5-695D-4CE6-8BEB-C47A0AB2C12B}.Debug|x64.Build.0 = Debug|Any CPU
		{25AE04A5-695D-4CE6-8BEB-C47A0AB2C12B}.Debug|x86.ActiveCfg = Debug|Any CPU
		{25AE04A5-695D-4CE6-8BEB-C47A0AB2C12B}.Debug|x86.Build.0 = Debug|Any CPU
		{25AE04A5-695D-4CE6-8BEB-C47A0AB2C12B}.Release|Any CPU.ActiveCfg = Release|Any CPU
		{25AE04A5-695D-4CE6-8BEB-C47A0AB2C12B}.Release|Any CPU.Build.0 = Release|Any CPU
		{25AE04A5-695D-4CE6-8BEB-C47A0AB2C12B}.Release|x64.ActiveCfg = Release|Any CPU
		{25AE04A5-695D-4CE6-8BEB-C47A0AB2C12B}.Release|x64.Build.0 = Release|Any CPU
		{25AE04A5-695D-4CE6-8BEB-C47A0AB2C12B}.Release|x86.ActiveCfg = Release|Any CPU
		{25AE04A5-695D-4CE6-8BEB-C47A0AB2C12B}.Release|x86.Build.0 = Release|Any CPU
		{B6019B55-0121-448F-B299-6225AC6BA3E1}.Debug|Any CPU.ActiveCfg = Debug|Any CPU
		{B6019B55-0121-448F-B299-6225AC6BA3E1}.Debug|Any CPU.Build.0 = Debug|Any CPU
		{B6019B55-0121-448F-B299-6225AC6BA3E1}.Debug|x64.ActiveCfg = Debug|Any CPU
		{B6019B55-0121-448F-B299-6225AC6BA3E1}.Debug|x64.Build.0 = Debug|Any CPU
		{B6019B55-0121-448F-B299-6225AC6BA3E1}.Debug|x86.ActiveCfg = Debug|Any CPU
		{B6019B55-0121-448F-B299-6225AC6BA3E1}.Debug|x86.Build.0 = Debug|Any CPU
		{B6019B55-0121-448F-B299-6225AC6BA3E1}.Release|Any CPU.ActiveCfg = Release|Any CPU
		{B6019B55-0121-448F-B299-6225AC6BA3E1}.Release|Any CPU.Build.0 = Release|Any CPU
		{B6019B55-0121-448F-B299-6225AC6BA3E1}.Release|x64.ActiveCfg = Release|Any CPU
		{B6019B55-0121-448F-B299-6225AC6BA3E1}.Release|x64.Build.0 = Release|Any CPU
		{B6019B55-0121-448F-B299-6225AC6BA3E1}.Release|x86.ActiveCfg = Release|Any CPU
		{B6019B55-0121-448F-B299-6225AC6BA3E1}.Release|x86.Build.0 = Release|Any CPU
		{62436214-B357-4E15-BD06-419670952200}.Debug|Any CPU.ActiveCfg = Debug|Any CPU
		{62436214-B357-4E15-BD06-419670952200}.Debug|Any CPU.Build.0 = Debug|Any CPU
		{62436214-B357-4E15-BD06-419670952200}.Debug|x64.ActiveCfg = Debug|Any CPU
		{62436214-B357-4E15-BD06-419670952200}.Debug|x64.Build.0 = Debug|Any CPU
		{62436214-B357-4E15-BD06-419670952200}.Debug|x86.ActiveCfg = Debug|Any CPU
		{62436214-B357-4E15-BD06-419670952200}.Debug|x86.Build.0 = Debug|Any CPU
		{62436214-B357-4E15-BD06-419670952200}.Release|Any CPU.ActiveCfg = Release|Any CPU
		{62436214-B357-4E15-BD06-419670952200}.Release|Any CPU.Build.0 = Release|Any CPU
		{62436214-B357-4E15-BD06-419670952200}.Release|x64.ActiveCfg = Release|Any CPU
		{62436214-B357-4E15-BD06-419670952200}.Release|x64.Build.0 = Release|Any CPU
		{62436214-B357-4E15-BD06-419670952200}.Release|x86.ActiveCfg = Release|Any CPU
		{62436214-B357-4E15-BD06-419670952200}.Release|x86.Build.0 = Release|Any CPU
		{C5A23D73-DA40-4557-94D4-980D90BF35C4}.Debug|Any CPU.ActiveCfg = Debug|Any CPU
		{C5A23D73-DA40-4557-94D4-980D90BF35C4}.Debug|Any CPU.Build.0 = Debug|Any CPU
		{C5A23D73-DA40-4557-94D4-980D90BF35C4}.Debug|x64.ActiveCfg = Debug|Any CPU
		{C5A23D73-DA40-4557-94D4-980D90BF35C4}.Debug|x64.Build.0 = Debug|Any CPU
		{C5A23D73-DA40-4557-94D4-980D90BF35C4}.Debug|x86.ActiveCfg = Debug|Any CPU
		{C5A23D73-DA40-4557-94D4-980D90BF35C4}.Debug|x86.Build.0 = Debug|Any CPU
		{C5A23D73-DA40-4557-94D4-980D90BF35C4}.Release|Any CPU.ActiveCfg = Release|Any CPU
		{C5A23D73-DA40-4557-94D4-980D90BF35C4}.Release|Any CPU.Build.0 = Release|Any CPU
		{C5A23D73-DA40-4557-94D4-980D90BF35C4}.Release|x64.ActiveCfg = Release|Any CPU
		{C5A23D73-DA40-4557-94D4-980D90BF35C4}.Release|x64.Build.0 = Release|Any CPU
		{C5A23D73-DA40-4557-94D4-980D90BF35C4}.Release|x86.ActiveCfg = Release|Any CPU
		{C5A23D73-DA40-4557-94D4-980D90BF35C4}.Release|x86.Build.0 = Release|Any CPU
		{EF1C6660-F82C-454A-BCFB-D2A560A67BC4}.Debug|Any CPU.ActiveCfg = Debug|Any CPU
		{EF1C6660-F82C-454A-BCFB-D2A560A67BC4}.Debug|Any CPU.Build.0 = Debug|Any CPU
		{EF1C6660-F82C-454A-BCFB-D2A560A67BC4}.Debug|x64.ActiveCfg = Debug|Any CPU
		{EF1C6660-F82C-454A-BCFB-D2A560A67BC4}.Debug|x64.Build.0 = Debug|Any CPU
		{EF1C6660-F82C-454A-BCFB-D2A560A67BC4}.Debug|x86.ActiveCfg = Debug|Any CPU
		{EF1C6660-F82C-454A-BCFB-D2A560A67BC4}.Debug|x86.Build.0 = Debug|Any CPU
		{EF1C6660-F82C-454A-BCFB-D2A560A67BC4}.Release|Any CPU.ActiveCfg = Release|Any CPU
		{EF1C6660-F82C-454A-BCFB-D2A560A67BC4}.Release|Any CPU.Build.0 = Release|Any CPU
		{EF1C6660-F82C-454A-BCFB-D2A560A67BC4}.Release|x64.ActiveCfg = Release|Any CPU
		{EF1C6660-F82C-454A-BCFB-D2A560A67BC4}.Release|x64.Build.0 = Release|Any CPU
		{EF1C6660-F82C-454A-BCFB-D2A560A67BC4}.Release|x86.ActiveCfg = Release|Any CPU
		{EF1C6660-F82C-454A-BCFB-D2A560A67BC4}.Release|x86.Build.0 = Release|Any CPU
		{4E0062EE-958A-458C-B4D1-A56A644C8EB8}.Debug|Any CPU.ActiveCfg = Debug|Any CPU
		{4E0062EE-958A-458C-B4D1-A56A644C8EB8}.Debug|Any CPU.Build.0 = Debug|Any CPU
		{4E0062EE-958A-458C-B4D1-A56A644C8EB8}.Debug|x64.ActiveCfg = Debug|Any CPU
		{4E0062EE-958A-458C-B4D1-A56A644C8EB8}.Debug|x64.Build.0 = Debug|Any CPU
		{4E0062EE-958A-458C-B4D1-A56A644C8EB8}.Debug|x86.ActiveCfg = Debug|Any CPU
		{4E0062EE-958A-458C-B4D1-A56A644C8EB8}.Debug|x86.Build.0 = Debug|Any CPU
		{4E0062EE-958A-458C-B4D1-A56A644C8EB8}.Release|Any CPU.ActiveCfg = Release|Any CPU
		{4E0062EE-958A-458C-B4D1-A56A644C8EB8}.Release|Any CPU.Build.0 = Release|Any CPU
		{4E0062EE-958A-458C-B4D1-A56A644C8EB8}.Release|x64.ActiveCfg = Release|Any CPU
		{4E0062EE-958A-458C-B4D1-A56A644C8EB8}.Release|x64.Build.0 = Release|Any CPU
		{4E0062EE-958A-458C-B4D1-A56A644C8EB8}.Release|x86.ActiveCfg = Release|Any CPU
		{4E0062EE-958A-458C-B4D1-A56A644C8EB8}.Release|x86.Build.0 = Release|Any CPU
		{A0693A10-35A8-42AE-A16A-84A8C2CA51DD}.Debug|Any CPU.ActiveCfg = Debug|Any CPU
		{A0693A10-35A8-42AE-A16A-84A8C2CA51DD}.Debug|Any CPU.Build.0 = Debug|Any CPU
		{A0693A10-35A8-42AE-A16A-84A8C2CA51DD}.Debug|x64.ActiveCfg = Debug|Any CPU
		{A0693A10-35A8-42AE-A16A-84A8C2CA51DD}.Debug|x64.Build.0 = Debug|Any CPU
		{A0693A10-35A8-42AE-A16A-84A8C2CA51DD}.Debug|x86.ActiveCfg = Debug|Any CPU
		{A0693A10-35A8-42AE-A16A-84A8C2CA51DD}.Debug|x86.Build.0 = Debug|Any CPU
		{A0693A10-35A8-42AE-A16A-84A8C2CA51DD}.Release|Any CPU.ActiveCfg = Release|Any CPU
		{A0693A10-35A8-42AE-A16A-84A8C2CA51DD}.Release|Any CPU.Build.0 = Release|Any CPU
		{A0693A10-35A8-42AE-A16A-84A8C2CA51DD}.Release|x64.ActiveCfg = Release|Any CPU
		{A0693A10-35A8-42AE-A16A-84A8C2CA51DD}.Release|x64.Build.0 = Release|Any CPU
		{A0693A10-35A8-42AE-A16A-84A8C2CA51DD}.Release|x86.ActiveCfg = Release|Any CPU
		{A0693A10-35A8-42AE-A16A-84A8C2CA51DD}.Release|x86.Build.0 = Release|Any CPU
		{6DD65696-CA3D-4EE6-97B0-40E3B8E0AF12}.Debug|Any CPU.ActiveCfg = Debug|Any CPU
		{6DD65696-CA3D-4EE6-97B0-40E3B8E0AF12}.Debug|Any CPU.Build.0 = Debug|Any CPU
		{6DD65696-CA3D-4EE6-97B0-40E3B8E0AF12}.Debug|x64.ActiveCfg = Debug|Any CPU
		{6DD65696-CA3D-4EE6-97B0-40E3B8E0AF12}.Debug|x64.Build.0 = Debug|Any CPU
		{6DD65696-CA3D-4EE6-97B0-40E3B8E0AF12}.Debug|x86.ActiveCfg = Debug|Any CPU
		{6DD65696-CA3D-4EE6-97B0-40E3B8E0AF12}.Debug|x86.Build.0 = Debug|Any CPU
		{6DD65696-CA3D-4EE6-97B0-40E3B8E0AF12}.Release|Any CPU.ActiveCfg = Release|Any CPU
		{6DD65696-CA3D-4EE6-97B0-40E3B8E0AF12}.Release|Any CPU.Build.0 = Release|Any CPU
		{6DD65696-CA3D-4EE6-97B0-40E3B8E0AF12}.Release|x64.ActiveCfg = Release|Any CPU
		{6DD65696-CA3D-4EE6-97B0-40E3B8E0AF12}.Release|x64.Build.0 = Release|Any CPU
		{6DD65696-CA3D-4EE6-97B0-40E3B8E0AF12}.Release|x86.ActiveCfg = Release|Any CPU
		{6DD65696-CA3D-4EE6-97B0-40E3B8E0AF12}.Release|x86.Build.0 = Release|Any CPU
		{A9872A6F-590D-423D-A11F-7FD32905B3E9}.Debug|Any CPU.ActiveCfg = Debug|Any CPU
		{A9872A6F-590D-423D-A11F-7FD32905B3E9}.Debug|Any CPU.Build.0 = Debug|Any CPU
		{A9872A6F-590D-423D-A11F-7FD32905B3E9}.Debug|x64.ActiveCfg = Debug|Any CPU
		{A9872A6F-590D-423D-A11F-7FD32905B3E9}.Debug|x64.Build.0 = Debug|Any CPU
		{A9872A6F-590D-423D-A11F-7FD32905B3E9}.Debug|x86.ActiveCfg = Debug|Any CPU
		{A9872A6F-590D-423D-A11F-7FD32905B3E9}.Debug|x86.Build.0 = Debug|Any CPU
		{A9872A6F-590D-423D-A11F-7FD32905B3E9}.Release|Any CPU.ActiveCfg = Release|Any CPU
		{A9872A6F-590D-423D-A11F-7FD32905B3E9}.Release|Any CPU.Build.0 = Release|Any CPU
		{A9872A6F-590D-423D-A11F-7FD32905B3E9}.Release|x64.ActiveCfg = Release|Any CPU
		{A9872A6F-590D-423D-A11F-7FD32905B3E9}.Release|x64.Build.0 = Release|Any CPU
		{A9872A6F-590D-423D-A11F-7FD32905B3E9}.Release|x86.ActiveCfg = Release|Any CPU
		{A9872A6F-590D-423D-A11F-7FD32905B3E9}.Release|x86.Build.0 = Release|Any CPU
		{D4F02A74-370E-4CE2-A31B-FE95C4B9A770}.Debug|Any CPU.ActiveCfg = Debug|Any CPU
		{D4F02A74-370E-4CE2-A31B-FE95C4B9A770}.Debug|Any CPU.Build.0 = Debug|Any CPU
		{D4F02A74-370E-4CE2-A31B-FE95C4B9A770}.Debug|x64.ActiveCfg = Debug|Any CPU
		{D4F02A74-370E-4CE2-A31B-FE95C4B9A770}.Debug|x64.Build.0 = Debug|Any CPU
		{D4F02A74-370E-4CE2-A31B-FE95C4B9A770}.Debug|x86.ActiveCfg = Debug|Any CPU
		{D4F02A74-370E-4CE2-A31B-FE95C4B9A770}.Debug|x86.Build.0 = Debug|Any CPU
		{D4F02A74-370E-4CE2-A31B-FE95C4B9A770}.Release|Any CPU.ActiveCfg = Release|Any CPU
		{D4F02A74-370E-4CE2-A31B-FE95C4B9A770}.Release|Any CPU.Build.0 = Release|Any CPU
		{D4F02A74-370E-4CE2-A31B-FE95C4B9A770}.Release|x64.ActiveCfg = Release|Any CPU
		{D4F02A74-370E-4CE2-A31B-FE95C4B9A770}.Release|x64.Build.0 = Release|Any CPU
		{D4F02A74-370E-4CE2-A31B-FE95C4B9A770}.Release|x86.ActiveCfg = Release|Any CPU
		{D4F02A74-370E-4CE2-A31B-FE95C4B9A770}.Release|x86.Build.0 = Release|Any CPU
		{C13BB9E5-1D99-4D6B-8D80-CC7B4C0E30B1}.Debug|Any CPU.ActiveCfg = Debug|Any CPU
		{C13BB9E5-1D99-4D6B-8D80-CC7B4C0E30B1}.Debug|Any CPU.Build.0 = Debug|Any CPU
		{C13BB9E5-1D99-4D6B-8D80-CC7B4C0E30B1}.Debug|x64.ActiveCfg = Debug|Any CPU
		{C13BB9E5-1D99-4D6B-8D80-CC7B4C0E30B1}.Debug|x64.Build.0 = Debug|Any CPU
		{C13BB9E5-1D99-4D6B-8D80-CC7B4C0E30B1}.Debug|x86.ActiveCfg = Debug|Any CPU
		{C13BB9E5-1D99-4D6B-8D80-CC7B4C0E30B1}.Debug|x86.Build.0 = Debug|Any CPU
		{C13BB9E5-1D99-4D6B-8D80-CC7B4C0E30B1}.Release|Any CPU.ActiveCfg = Release|Any CPU
		{C13BB9E5-1D99-4D6B-8D80-CC7B4C0E30B1}.Release|Any CPU.Build.0 = Release|Any CPU
		{C13BB9E5-1D99-4D6B-8D80-CC7B4C0E30B1}.Release|x64.ActiveCfg = Release|Any CPU
		{C13BB9E5-1D99-4D6B-8D80-CC7B4C0E30B1}.Release|x64.Build.0 = Release|Any CPU
		{C13BB9E5-1D99-4D6B-8D80-CC7B4C0E30B1}.Release|x86.ActiveCfg = Release|Any CPU
		{C13BB9E5-1D99-4D6B-8D80-CC7B4C0E30B1}.Release|x86.Build.0 = Release|Any CPU
		{6B48F06F-1EF0-49EF-B6D8-156B5B1CE344}.Debug|Any CPU.ActiveCfg = Debug|Any CPU
		{6B48F06F-1EF0-49EF-B6D8-156B5B1CE344}.Debug|Any CPU.Build.0 = Debug|Any CPU
		{6B48F06F-1EF0-49EF-B6D8-156B5B1CE344}.Debug|x64.ActiveCfg = Debug|Any CPU
		{6B48F06F-1EF0-49EF-B6D8-156B5B1CE344}.Debug|x64.Build.0 = Debug|Any CPU
		{6B48F06F-1EF0-49EF-B6D8-156B5B1CE344}.Debug|x86.ActiveCfg = Debug|Any CPU
		{6B48F06F-1EF0-49EF-B6D8-156B5B1CE344}.Debug|x86.Build.0 = Debug|Any CPU
		{6B48F06F-1EF0-49EF-B6D8-156B5B1CE344}.Release|Any CPU.ActiveCfg = Release|Any CPU
		{6B48F06F-1EF0-49EF-B6D8-156B5B1CE344}.Release|Any CPU.Build.0 = Release|Any CPU
		{6B48F06F-1EF0-49EF-B6D8-156B5B1CE344}.Release|x64.ActiveCfg = Release|Any CPU
		{6B48F06F-1EF0-49EF-B6D8-156B5B1CE344}.Release|x64.Build.0 = Release|Any CPU
		{6B48F06F-1EF0-49EF-B6D8-156B5B1CE344}.Release|x86.ActiveCfg = Release|Any CPU
		{6B48F06F-1EF0-49EF-B6D8-156B5B1CE344}.Release|x86.Build.0 = Release|Any CPU
		{792989A4-4EAB-4ACA-AF2A-64EE65F4091C}.Debug|Any CPU.ActiveCfg = Debug|Any CPU
		{792989A4-4EAB-4ACA-AF2A-64EE65F4091C}.Debug|Any CPU.Build.0 = Debug|Any CPU
		{792989A4-4EAB-4ACA-AF2A-64EE65F4091C}.Debug|x64.ActiveCfg = Debug|Any CPU
		{792989A4-4EAB-4ACA-AF2A-64EE65F4091C}.Debug|x64.Build.0 = Debug|Any CPU
		{792989A4-4EAB-4ACA-AF2A-64EE65F4091C}.Debug|x86.ActiveCfg = Debug|Any CPU
		{792989A4-4EAB-4ACA-AF2A-64EE65F4091C}.Debug|x86.Build.0 = Debug|Any CPU
		{792989A4-4EAB-4ACA-AF2A-64EE65F4091C}.Release|Any CPU.ActiveCfg = Release|Any CPU
		{792989A4-4EAB-4ACA-AF2A-64EE65F4091C}.Release|Any CPU.Build.0 = Release|Any CPU
		{792989A4-4EAB-4ACA-AF2A-64EE65F4091C}.Release|x64.ActiveCfg = Release|Any CPU
		{792989A4-4EAB-4ACA-AF2A-64EE65F4091C}.Release|x64.Build.0 = Release|Any CPU
		{792989A4-4EAB-4ACA-AF2A-64EE65F4091C}.Release|x86.ActiveCfg = Release|Any CPU
		{792989A4-4EAB-4ACA-AF2A-64EE65F4091C}.Release|x86.Build.0 = Release|Any CPU
		{E2A57B5C-A87D-4FD3-8F37-C66EE58F6A71}.Debug|Any CPU.ActiveCfg = Debug|Any CPU
		{E2A57B5C-A87D-4FD3-8F37-C66EE58F6A71}.Debug|Any CPU.Build.0 = Debug|Any CPU
		{E2A57B5C-A87D-4FD3-8F37-C66EE58F6A71}.Debug|x64.ActiveCfg = Debug|Any CPU
		{E2A57B5C-A87D-4FD3-8F37-C66EE58F6A71}.Debug|x64.Build.0 = Debug|Any CPU
		{E2A57B5C-A87D-4FD3-8F37-C66EE58F6A71}.Debug|x86.ActiveCfg = Debug|Any CPU
		{E2A57B5C-A87D-4FD3-8F37-C66EE58F6A71}.Debug|x86.Build.0 = Debug|Any CPU
		{E2A57B5C-A87D-4FD3-8F37-C66EE58F6A71}.Release|Any CPU.ActiveCfg = Release|Any CPU
		{E2A57B5C-A87D-4FD3-8F37-C66EE58F6A71}.Release|Any CPU.Build.0 = Release|Any CPU
		{E2A57B5C-A87D-4FD3-8F37-C66EE58F6A71}.Release|x64.ActiveCfg = Release|Any CPU
		{E2A57B5C-A87D-4FD3-8F37-C66EE58F6A71}.Release|x64.Build.0 = Release|Any CPU
		{E2A57B5C-A87D-4FD3-8F37-C66EE58F6A71}.Release|x86.ActiveCfg = Release|Any CPU
		{E2A57B5C-A87D-4FD3-8F37-C66EE58F6A71}.Release|x86.Build.0 = Release|Any CPU
		{BFB16456-61FB-40B7-8A4B-851269A03AEE}.Debug|Any CPU.ActiveCfg = Debug|Any CPU
		{BFB16456-61FB-40B7-8A4B-851269A03AEE}.Debug|Any CPU.Build.0 = Debug|Any CPU
		{BFB16456-61FB-40B7-8A4B-851269A03AEE}.Debug|x64.ActiveCfg = Debug|Any CPU
		{BFB16456-61FB-40B7-8A4B-851269A03AEE}.Debug|x64.Build.0 = Debug|Any CPU
		{BFB16456-61FB-40B7-8A4B-851269A03AEE}.Debug|x86.ActiveCfg = Debug|Any CPU
		{BFB16456-61FB-40B7-8A4B-851269A03AEE}.Debug|x86.Build.0 = Debug|Any CPU
		{BFB16456-61FB-40B7-8A4B-851269A03AEE}.Release|Any CPU.ActiveCfg = Release|Any CPU
		{BFB16456-61FB-40B7-8A4B-851269A03AEE}.Release|Any CPU.Build.0 = Release|Any CPU
		{BFB16456-61FB-40B7-8A4B-851269A03AEE}.Release|x64.ActiveCfg = Release|Any CPU
		{BFB16456-61FB-40B7-8A4B-851269A03AEE}.Release|x64.Build.0 = Release|Any CPU
		{BFB16456-61FB-40B7-8A4B-851269A03AEE}.Release|x86.ActiveCfg = Release|Any CPU
		{BFB16456-61FB-40B7-8A4B-851269A03AEE}.Release|x86.Build.0 = Release|Any CPU
		{FFAD77BA-0D8F-41D5-9328-96C858A1CEF9}.Debug|Any CPU.ActiveCfg = Debug|Any CPU
		{FFAD77BA-0D8F-41D5-9328-96C858A1CEF9}.Debug|Any CPU.Build.0 = Debug|Any CPU
		{FFAD77BA-0D8F-41D5-9328-96C858A1CEF9}.Debug|x64.ActiveCfg = Debug|Any CPU
		{FFAD77BA-0D8F-41D5-9328-96C858A1CEF9}.Debug|x64.Build.0 = Debug|Any CPU
		{FFAD77BA-0D8F-41D5-9328-96C858A1CEF9}.Debug|x86.ActiveCfg = Debug|Any CPU
		{FFAD77BA-0D8F-41D5-9328-96C858A1CEF9}.Debug|x86.Build.0 = Debug|Any CPU
		{FFAD77BA-0D8F-41D5-9328-96C858A1CEF9}.Release|Any CPU.ActiveCfg = Release|Any CPU
		{FFAD77BA-0D8F-41D5-9328-96C858A1CEF9}.Release|Any CPU.Build.0 = Release|Any CPU
		{FFAD77BA-0D8F-41D5-9328-96C858A1CEF9}.Release|x64.ActiveCfg = Release|Any CPU
		{FFAD77BA-0D8F-41D5-9328-96C858A1CEF9}.Release|x64.Build.0 = Release|Any CPU
		{FFAD77BA-0D8F-41D5-9328-96C858A1CEF9}.Release|x86.ActiveCfg = Release|Any CPU
		{FFAD77BA-0D8F-41D5-9328-96C858A1CEF9}.Release|x86.Build.0 = Release|Any CPU
		{AAD436E3-84B5-45D7-87A1-4EC3A51C80F5}.Debug|Any CPU.ActiveCfg = Debug|Any CPU
		{AAD436E3-84B5-45D7-87A1-4EC3A51C80F5}.Debug|Any CPU.Build.0 = Debug|Any CPU
		{AAD436E3-84B5-45D7-87A1-4EC3A51C80F5}.Debug|x64.ActiveCfg = Debug|Any CPU
		{AAD436E3-84B5-45D7-87A1-4EC3A51C80F5}.Debug|x64.Build.0 = Debug|Any CPU
		{AAD436E3-84B5-45D7-87A1-4EC3A51C80F5}.Debug|x86.ActiveCfg = Debug|Any CPU
		{AAD436E3-84B5-45D7-87A1-4EC3A51C80F5}.Debug|x86.Build.0 = Debug|Any CPU
		{AAD436E3-84B5-45D7-87A1-4EC3A51C80F5}.Release|Any CPU.ActiveCfg = Release|Any CPU
		{AAD436E3-84B5-45D7-87A1-4EC3A51C80F5}.Release|Any CPU.Build.0 = Release|Any CPU
		{AAD436E3-84B5-45D7-87A1-4EC3A51C80F5}.Release|x64.ActiveCfg = Release|Any CPU
		{AAD436E3-84B5-45D7-87A1-4EC3A51C80F5}.Release|x64.Build.0 = Release|Any CPU
		{AAD436E3-84B5-45D7-87A1-4EC3A51C80F5}.Release|x86.ActiveCfg = Release|Any CPU
		{AAD436E3-84B5-45D7-87A1-4EC3A51C80F5}.Release|x86.Build.0 = Release|Any CPU
		{E3F92A61-7C7A-4FD8-904D-0C3ADFBECF54}.Debug|Any CPU.ActiveCfg = Debug|Any CPU
		{E3F92A61-7C7A-4FD8-904D-0C3ADFBECF54}.Debug|Any CPU.Build.0 = Debug|Any CPU
		{E3F92A61-7C7A-4FD8-904D-0C3ADFBECF54}.Debug|x64.ActiveCfg = Debug|Any CPU
		{E3F92A61-7C7A-4FD8-904D-0C3ADFBECF54}.Debug|x64.Build.0 = Debug|Any CPU
		{E3F92A61-7C7A-4FD8-904D-0C3ADFBECF54}.Debug|x86.ActiveCfg = Debug|Any CPU
		{E3F92A61-7C7A-4FD8-904D-0C3ADFBECF54}.Debug|x86.Build.0 = Debug|Any CPU
		{E3F92A61-7C7A-4FD8-904D-0C3ADFBECF54}.Release|Any CPU.ActiveCfg = Release|Any CPU
		{E3F92A61-7C7A-4FD8-904D-0C3ADFBECF54}.Release|Any CPU.Build.0 = Release|Any CPU
		{E3F92A61-7C7A-4FD8-904D-0C3ADFBECF54}.Release|x64.ActiveCfg = Release|Any CPU
		{E3F92A61-7C7A-4FD8-904D-0C3ADFBECF54}.Release|x64.Build.0 = Release|Any CPU
		{E3F92A61-7C7A-4FD8-904D-0C3ADFBECF54}.Release|x86.ActiveCfg = Release|Any CPU
		{E3F92A61-7C7A-4FD8-904D-0C3ADFBECF54}.Release|x86.Build.0 = Release|Any CPU
		{DEF5F2FE-22A3-4882-83B6-93C4DD7A5F71}.Debug|Any CPU.ActiveCfg = Debug|Any CPU
		{DEF5F2FE-22A3-4882-83B6-93C4DD7A5F71}.Debug|Any CPU.Build.0 = Debug|Any CPU
		{DEF5F2FE-22A3-4882-83B6-93C4DD7A5F71}.Debug|x64.ActiveCfg = Debug|Any CPU
		{DEF5F2FE-22A3-4882-83B6-93C4DD7A5F71}.Debug|x64.Build.0 = Debug|Any CPU
		{DEF5F2FE-22A3-4882-83B6-93C4DD7A5F71}.Debug|x86.ActiveCfg = Debug|Any CPU
		{DEF5F2FE-22A3-4882-83B6-93C4DD7A5F71}.Debug|x86.Build.0 = Debug|Any CPU
		{DEF5F2FE-22A3-4882-83B6-93C4DD7A5F71}.Release|Any CPU.ActiveCfg = Release|Any CPU
		{DEF5F2FE-22A3-4882-83B6-93C4DD7A5F71}.Release|Any CPU.Build.0 = Release|Any CPU
		{DEF5F2FE-22A3-4882-83B6-93C4DD7A5F71}.Release|x64.ActiveCfg = Release|Any CPU
		{DEF5F2FE-22A3-4882-83B6-93C4DD7A5F71}.Release|x64.Build.0 = Release|Any CPU
		{DEF5F2FE-22A3-4882-83B6-93C4DD7A5F71}.Release|x86.ActiveCfg = Release|Any CPU
		{DEF5F2FE-22A3-4882-83B6-93C4DD7A5F71}.Release|x86.Build.0 = Release|Any CPU
		{A7E22A5C-E45D-4FCA-B56C-5E1E234AB891}.Debug|Any CPU.ActiveCfg = Debug|Any CPU
		{A7E22A5C-E45D-4FCA-B56C-5E1E234AB891}.Debug|Any CPU.Build.0 = Debug|Any CPU
		{A7E22A5C-E45D-4FCA-B56C-5E1E234AB891}.Debug|x64.ActiveCfg = Debug|Any CPU
		{A7E22A5C-E45D-4FCA-B56C-5E1E234AB891}.Debug|x64.Build.0 = Debug|Any CPU
		{A7E22A5C-E45D-4FCA-B56C-5E1E234AB891}.Debug|x86.ActiveCfg = Debug|Any CPU
		{A7E22A5C-E45D-4FCA-B56C-5E1E234AB891}.Debug|x86.Build.0 = Debug|Any CPU
		{A7E22A5C-E45D-4FCA-B56C-5E1E234AB891}.Release|Any CPU.ActiveCfg = Release|Any CPU
		{A7E22A5C-E45D-4FCA-B56C-5E1E234AB891}.Release|Any CPU.Build.0 = Release|Any CPU
		{A7E22A5C-E45D-4FCA-B56C-5E1E234AB891}.Release|x64.ActiveCfg = Release|Any CPU
		{A7E22A5C-E45D-4FCA-B56C-5E1E234AB891}.Release|x64.Build.0 = Release|Any CPU
		{A7E22A5C-E45D-4FCA-B56C-5E1E234AB891}.Release|x86.ActiveCfg = Release|Any CPU
		{A7E22A5C-E45D-4FCA-B56C-5E1E234AB891}.Release|x86.Build.0 = Release|Any CPU
		{C096A119-DE0B-45A0-AC0C-4F3C2AF3EBF7}.Debug|Any CPU.ActiveCfg = Debug|Any CPU
		{C096A119-DE0B-45A0-AC0C-4F3C2AF3EBF7}.Debug|Any CPU.Build.0 = Debug|Any CPU
		{C096A119-DE0B-45A0-AC0C-4F3C2AF3EBF7}.Debug|x64.ActiveCfg = Debug|Any CPU
		{C096A119-DE0B-45A0-AC0C-4F3C2AF3EBF7}.Debug|x64.Build.0 = Debug|Any CPU
		{C096A119-DE0B-45A0-AC0C-4F3C2AF3EBF7}.Debug|x86.ActiveCfg = Debug|Any CPU
		{C096A119-DE0B-45A0-AC0C-4F3C2AF3EBF7}.Debug|x86.Build.0 = Debug|Any CPU
		{C096A119-DE0B-45A0-AC0C-4F3C2AF3EBF7}.Release|Any CPU.ActiveCfg = Release|Any CPU
		{C096A119-DE0B-45A0-AC0C-4F3C2AF3EBF7}.Release|Any CPU.Build.0 = Release|Any CPU
		{C096A119-DE0B-45A0-AC0C-4F3C2AF3EBF7}.Release|x64.ActiveCfg = Release|Any CPU
		{C096A119-DE0B-45A0-AC0C-4F3C2AF3EBF7}.Release|x64.Build.0 = Release|Any CPU
		{C096A119-DE0B-45A0-AC0C-4F3C2AF3EBF7}.Release|x86.ActiveCfg = Release|Any CPU
		{C096A119-DE0B-45A0-AC0C-4F3C2AF3EBF7}.Release|x86.Build.0 = Release|Any CPU
		{51FDF2A6-98E1-4419-A391-B92C9C56B42B}.Debug|Any CPU.ActiveCfg = Debug|Any CPU
		{51FDF2A6-98E1-4419-A391-B92C9C56B42B}.Debug|Any CPU.Build.0 = Debug|Any CPU
		{51FDF2A6-98E1-4419-A391-B92C9C56B42B}.Debug|x64.ActiveCfg = Debug|Any CPU
		{51FDF2A6-98E1-4419-A391-B92C9C56B42B}.Debug|x64.Build.0 = Debug|Any CPU
		{51FDF2A6-98E1-4419-A391-B92C9C56B42B}.Debug|x86.ActiveCfg = Debug|Any CPU
		{51FDF2A6-98E1-4419-A391-B92C9C56B42B}.Debug|x86.Build.0 = Debug|Any CPU
		{51FDF2A6-98E1-4419-A391-B92C9C56B42B}.Release|Any CPU.ActiveCfg = Release|Any CPU
		{51FDF2A6-98E1-4419-A391-B92C9C56B42B}.Release|Any CPU.Build.0 = Release|Any CPU
		{51FDF2A6-98E1-4419-A391-B92C9C56B42B}.Release|x64.ActiveCfg = Release|Any CPU
		{51FDF2A6-98E1-4419-A391-B92C9C56B42B}.Release|x64.Build.0 = Release|Any CPU
		{51FDF2A6-98E1-4419-A391-B92C9C56B42B}.Release|x86.ActiveCfg = Release|Any CPU
		{51FDF2A6-98E1-4419-A391-B92C9C56B42B}.Release|x86.Build.0 = Release|Any CPU
		{E0932DFC-B015-41BE-8E08-E2C517D265DA}.Debug|Any CPU.ActiveCfg = Debug|Any CPU
		{E0932DFC-B015-41BE-8E08-E2C517D265DA}.Debug|Any CPU.Build.0 = Debug|Any CPU
		{E0932DFC-B015-41BE-8E08-E2C517D265DA}.Debug|x64.ActiveCfg = Debug|Any CPU
		{E0932DFC-B015-41BE-8E08-E2C517D265DA}.Debug|x64.Build.0 = Debug|Any CPU
		{E0932DFC-B015-41BE-8E08-E2C517D265DA}.Debug|x86.ActiveCfg = Debug|Any CPU
		{E0932DFC-B015-41BE-8E08-E2C517D265DA}.Debug|x86.Build.0 = Debug|Any CPU
		{E0932DFC-B015-41BE-8E08-E2C517D265DA}.Release|Any CPU.ActiveCfg = Release|Any CPU
		{E0932DFC-B015-41BE-8E08-E2C517D265DA}.Release|Any CPU.Build.0 = Release|Any CPU
		{E0932DFC-B015-41BE-8E08-E2C517D265DA}.Release|x64.ActiveCfg = Release|Any CPU
		{E0932DFC-B015-41BE-8E08-E2C517D265DA}.Release|x64.Build.0 = Release|Any CPU
		{E0932DFC-B015-41BE-8E08-E2C517D265DA}.Release|x86.ActiveCfg = Release|Any CPU
		{E0932DFC-B015-41BE-8E08-E2C517D265DA}.Release|x86.Build.0 = Release|Any CPU
		{A705E246-9B0F-487D-97A1-A0847E68ACD2}.Debug|Any CPU.ActiveCfg = Debug|Any CPU
		{A705E246-9B0F-487D-97A1-A0847E68ACD2}.Debug|Any CPU.Build.0 = Debug|Any CPU
		{A705E246-9B0F-487D-97A1-A0847E68ACD2}.Debug|x64.ActiveCfg = Debug|Any CPU
		{A705E246-9B0F-487D-97A1-A0847E68ACD2}.Debug|x64.Build.0 = Debug|Any CPU
		{A705E246-9B0F-487D-97A1-A0847E68ACD2}.Debug|x86.ActiveCfg = Debug|Any CPU
		{A705E246-9B0F-487D-97A1-A0847E68ACD2}.Debug|x86.Build.0 = Debug|Any CPU
		{A705E246-9B0F-487D-97A1-A0847E68ACD2}.Release|Any CPU.ActiveCfg = Release|Any CPU
		{A705E246-9B0F-487D-97A1-A0847E68ACD2}.Release|Any CPU.Build.0 = Release|Any CPU
		{A705E246-9B0F-487D-97A1-A0847E68ACD2}.Release|x64.ActiveCfg = Release|Any CPU
		{A705E246-9B0F-487D-97A1-A0847E68ACD2}.Release|x64.Build.0 = Release|Any CPU
		{A705E246-9B0F-487D-97A1-A0847E68ACD2}.Release|x86.ActiveCfg = Release|Any CPU
		{A705E246-9B0F-487D-97A1-A0847E68ACD2}.Release|x86.Build.0 = Release|Any CPU
		{8603C91B-2425-42BE-B7C9-49C2A6EDDE1E}.Debug|Any CPU.ActiveCfg = Debug|Any CPU
		{8603C91B-2425-42BE-B7C9-49C2A6EDDE1E}.Debug|Any CPU.Build.0 = Debug|Any CPU
		{8603C91B-2425-42BE-B7C9-49C2A6EDDE1E}.Debug|x64.ActiveCfg = Debug|Any CPU
		{8603C91B-2425-42BE-B7C9-49C2A6EDDE1E}.Debug|x64.Build.0 = Debug|Any CPU
		{8603C91B-2425-42BE-B7C9-49C2A6EDDE1E}.Debug|x86.ActiveCfg = Debug|Any CPU
		{8603C91B-2425-42BE-B7C9-49C2A6EDDE1E}.Debug|x86.Build.0 = Debug|Any CPU
		{8603C91B-2425-42BE-B7C9-49C2A6EDDE1E}.Release|Any CPU.ActiveCfg = Release|Any CPU
		{8603C91B-2425-42BE-B7C9-49C2A6EDDE1E}.Release|Any CPU.Build.0 = Release|Any CPU
		{8603C91B-2425-42BE-B7C9-49C2A6EDDE1E}.Release|x64.ActiveCfg = Release|Any CPU
		{8603C91B-2425-42BE-B7C9-49C2A6EDDE1E}.Release|x64.Build.0 = Release|Any CPU
		{8603C91B-2425-42BE-B7C9-49C2A6EDDE1E}.Release|x86.ActiveCfg = Release|Any CPU
		{8603C91B-2425-42BE-B7C9-49C2A6EDDE1E}.Release|x86.Build.0 = Release|Any CPU
		{ED8EC4D9-05EC-425A-A456-143C724B260C}.Debug|Any CPU.ActiveCfg = Debug|Any CPU
		{ED8EC4D9-05EC-425A-A456-143C724B260C}.Debug|Any CPU.Build.0 = Debug|Any CPU
		{ED8EC4D9-05EC-425A-A456-143C724B260C}.Debug|x64.ActiveCfg = Debug|Any CPU
		{ED8EC4D9-05EC-425A-A456-143C724B260C}.Debug|x64.Build.0 = Debug|Any CPU
		{ED8EC4D9-05EC-425A-A456-143C724B260C}.Debug|x86.ActiveCfg = Debug|Any CPU
		{ED8EC4D9-05EC-425A-A456-143C724B260C}.Debug|x86.Build.0 = Debug|Any CPU
		{ED8EC4D9-05EC-425A-A456-143C724B260C}.Release|Any CPU.ActiveCfg = Release|Any CPU
		{ED8EC4D9-05EC-425A-A456-143C724B260C}.Release|Any CPU.Build.0 = Release|Any CPU
		{ED8EC4D9-05EC-425A-A456-143C724B260C}.Release|x64.ActiveCfg = Release|Any CPU
		{ED8EC4D9-05EC-425A-A456-143C724B260C}.Release|x64.Build.0 = Release|Any CPU
		{ED8EC4D9-05EC-425A-A456-143C724B260C}.Release|x86.ActiveCfg = Release|Any CPU
		{ED8EC4D9-05EC-425A-A456-143C724B260C}.Release|x86.Build.0 = Release|Any CPU
		{7C09B8E4-67D6-4DBA-A865-2D82C250B9AA}.Debug|Any CPU.ActiveCfg = Debug|Any CPU
		{7C09B8E4-67D6-4DBA-A865-2D82C250B9AA}.Debug|Any CPU.Build.0 = Debug|Any CPU
		{7C09B8E4-67D6-4DBA-A865-2D82C250B9AA}.Debug|x64.ActiveCfg = Debug|Any CPU
		{7C09B8E4-67D6-4DBA-A865-2D82C250B9AA}.Debug|x64.Build.0 = Debug|Any CPU
		{7C09B8E4-67D6-4DBA-A865-2D82C250B9AA}.Debug|x86.ActiveCfg = Debug|Any CPU
		{7C09B8E4-67D6-4DBA-A865-2D82C250B9AA}.Debug|x86.Build.0 = Debug|Any CPU
		{7C09B8E4-67D6-4DBA-A865-2D82C250B9AA}.Release|Any CPU.ActiveCfg = Release|Any CPU
		{7C09B8E4-67D6-4DBA-A865-2D82C250B9AA}.Release|Any CPU.Build.0 = Release|Any CPU
		{7C09B8E4-67D6-4DBA-A865-2D82C250B9AA}.Release|x64.ActiveCfg = Release|Any CPU
		{7C09B8E4-67D6-4DBA-A865-2D82C250B9AA}.Release|x64.Build.0 = Release|Any CPU
		{7C09B8E4-67D6-4DBA-A865-2D82C250B9AA}.Release|x86.ActiveCfg = Release|Any CPU
		{7C09B8E4-67D6-4DBA-A865-2D82C250B9AA}.Release|x86.Build.0 = Release|Any CPU
		{893FDA66-EF45-4E2E-8263-3BD1ECC29D55}.Debug|Any CPU.ActiveCfg = Debug|Any CPU
		{893FDA66-EF45-4E2E-8263-3BD1ECC29D55}.Debug|Any CPU.Build.0 = Debug|Any CPU
		{893FDA66-EF45-4E2E-8263-3BD1ECC29D55}.Debug|x64.ActiveCfg = Debug|Any CPU
		{893FDA66-EF45-4E2E-8263-3BD1ECC29D55}.Debug|x64.Build.0 = Debug|Any CPU
		{893FDA66-EF45-4E2E-8263-3BD1ECC29D55}.Debug|x86.ActiveCfg = Debug|Any CPU
		{893FDA66-EF45-4E2E-8263-3BD1ECC29D55}.Debug|x86.Build.0 = Debug|Any CPU
		{893FDA66-EF45-4E2E-8263-3BD1ECC29D55}.Release|Any CPU.ActiveCfg = Release|Any CPU
		{893FDA66-EF45-4E2E-8263-3BD1ECC29D55}.Release|Any CPU.Build.0 = Release|Any CPU
		{893FDA66-EF45-4E2E-8263-3BD1ECC29D55}.Release|x64.ActiveCfg = Release|Any CPU
		{893FDA66-EF45-4E2E-8263-3BD1ECC29D55}.Release|x64.Build.0 = Release|Any CPU
		{893FDA66-EF45-4E2E-8263-3BD1ECC29D55}.Release|x86.ActiveCfg = Release|Any CPU
		{893FDA66-EF45-4E2E-8263-3BD1ECC29D55}.Release|x86.Build.0 = Release|Any CPU
		{F4B0A89D-2AB3-4161-B08A-A751606BE1B5}.Debug|Any CPU.ActiveCfg = Debug|Any CPU
		{F4B0A89D-2AB3-4161-B08A-A751606BE1B5}.Debug|Any CPU.Build.0 = Debug|Any CPU
		{F4B0A89D-2AB3-4161-B08A-A751606BE1B5}.Debug|x64.ActiveCfg = Debug|Any CPU
		{F4B0A89D-2AB3-4161-B08A-A751606BE1B5}.Debug|x64.Build.0 = Debug|Any CPU
		{F4B0A89D-2AB3-4161-B08A-A751606BE1B5}.Debug|x86.ActiveCfg = Debug|Any CPU
		{F4B0A89D-2AB3-4161-B08A-A751606BE1B5}.Debug|x86.Build.0 = Debug|Any CPU
		{F4B0A89D-2AB3-4161-B08A-A751606BE1B5}.Release|Any CPU.ActiveCfg = Release|Any CPU
		{F4B0A89D-2AB3-4161-B08A-A751606BE1B5}.Release|Any CPU.Build.0 = Release|Any CPU
		{F4B0A89D-2AB3-4161-B08A-A751606BE1B5}.Release|x64.ActiveCfg = Release|Any CPU
		{F4B0A89D-2AB3-4161-B08A-A751606BE1B5}.Release|x64.Build.0 = Release|Any CPU
		{F4B0A89D-2AB3-4161-B08A-A751606BE1B5}.Release|x86.ActiveCfg = Release|Any CPU
		{F4B0A89D-2AB3-4161-B08A-A751606BE1B5}.Release|x86.Build.0 = Release|Any CPU
		{58D289A6-0F49-4575-86D1-C518172B76F4}.Debug|Any CPU.ActiveCfg = Debug|Any CPU
		{58D289A6-0F49-4575-86D1-C518172B76F4}.Debug|Any CPU.Build.0 = Debug|Any CPU
		{58D289A6-0F49-4575-86D1-C518172B76F4}.Debug|x64.ActiveCfg = Debug|Any CPU
		{58D289A6-0F49-4575-86D1-C518172B76F4}.Debug|x64.Build.0 = Debug|Any CPU
		{58D289A6-0F49-4575-86D1-C518172B76F4}.Debug|x86.ActiveCfg = Debug|Any CPU
		{58D289A6-0F49-4575-86D1-C518172B76F4}.Debug|x86.Build.0 = Debug|Any CPU
		{58D289A6-0F49-4575-86D1-C518172B76F4}.Release|Any CPU.ActiveCfg = Release|Any CPU
		{58D289A6-0F49-4575-86D1-C518172B76F4}.Release|Any CPU.Build.0 = Release|Any CPU
		{58D289A6-0F49-4575-86D1-C518172B76F4}.Release|x64.ActiveCfg = Release|Any CPU
		{58D289A6-0F49-4575-86D1-C518172B76F4}.Release|x64.Build.0 = Release|Any CPU
		{58D289A6-0F49-4575-86D1-C518172B76F4}.Release|x86.ActiveCfg = Release|Any CPU
		{58D289A6-0F49-4575-86D1-C518172B76F4}.Release|x86.Build.0 = Release|Any CPU
	EndGlobalSection
	GlobalSection(SolutionProperties) = preSolution
		HideSolutionNode = FALSE
	EndGlobalSection
	GlobalSection(NestedProjects) = preSolution
		{F2C97443-0F9E-41E2-BA62-9BCAD04735C4} = {827E0CD3-B72D-47B6-A68D-7590B98EB39B}
		{91E15BB9-1A05-40FC-94B7-C0690B81DE1F} = {827E0CD3-B72D-47B6-A68D-7590B98EB39B}
		{1136CE21-64E5-48E3-A56E-930563F86375} = {827E0CD3-B72D-47B6-A68D-7590B98EB39B}
		{7FB4B3DE-9700-4CD2-9902-A22B35F7E3A9} = {827E0CD3-B72D-47B6-A68D-7590B98EB39B}
		{25AE04A5-695D-4CE6-8BEB-C47A0AB2C12B} = {827E0CD3-B72D-47B6-A68D-7590B98EB39B}
		{B6019B55-0121-448F-B299-6225AC6BA3E1} = {827E0CD3-B72D-47B6-A68D-7590B98EB39B}
		{62436214-B357-4E15-BD06-419670952200} = {827E0CD3-B72D-47B6-A68D-7590B98EB39B}
		{C5A23D73-DA40-4557-94D4-980D90BF35C4} = {0AB3BF05-4346-4AA6-1389-037BE0695223}
		{EF1C6660-F82C-454A-BCFB-D2A560A67BC4} = {0AB3BF05-4346-4AA6-1389-037BE0695223}
		{4E0062EE-958A-458C-B4D1-A56A644C8EB8} = {0AB3BF05-4346-4AA6-1389-037BE0695223}
		{A0693A10-35A8-42AE-A16A-84A8C2CA51DD} = {0AB3BF05-4346-4AA6-1389-037BE0695223}
		{6DD65696-CA3D-4EE6-97B0-40E3B8E0AF12} = {0AB3BF05-4346-4AA6-1389-037BE0695223}
		{A9872A6F-590D-423D-A11F-7FD32905B3E9} = {0AB3BF05-4346-4AA6-1389-037BE0695223}
		{D4F02A74-370E-4CE2-A31B-FE95C4B9A770} = {0AB3BF05-4346-4AA6-1389-037BE0695223}
		{C13BB9E5-1D99-4D6B-8D80-CC7B4C0E30B1} = {0AB3BF05-4346-4AA6-1389-037BE0695223}
		{6B48F06F-1EF0-49EF-B6D8-156B5B1CE344} = {07C2787E-EAC7-C090-1BA3-A61EC2A24D84}
		{792989A4-4EAB-4ACA-AF2A-64EE65F4091C} = {07C2787E-EAC7-C090-1BA3-A61EC2A24D84}
		{E2A57B5C-A87D-4FD3-8F37-C66EE58F6A71} = {07C2787E-EAC7-C090-1BA3-A61EC2A24D84}
		{BFB16456-61FB-40B7-8A4B-851269A03AEE} = {07C2787E-EAC7-C090-1BA3-A61EC2A24D84}
		{FFAD77BA-0D8F-41D5-9328-96C858A1CEF9} = {07C2787E-EAC7-C090-1BA3-A61EC2A24D84}
		{AAD436E3-84B5-45D7-87A1-4EC3A51C80F5} = {07C2787E-EAC7-C090-1BA3-A61EC2A24D84}
		{E3F92A61-7C7A-4FD8-904D-0C3ADFBECF54} = {07C2787E-EAC7-C090-1BA3-A61EC2A24D84}
		{DEF5F2FE-22A3-4882-83B6-93C4DD7A5F71} = {07C2787E-EAC7-C090-1BA3-A61EC2A24D84}
		{A7E22A5C-E45D-4FCA-B56C-5E1E234AB891} = {07C2787E-EAC7-C090-1BA3-A61EC2A24D84}
		{C096A119-DE0B-45A0-AC0C-4F3C2AF3EBF7} = {07C2787E-EAC7-C090-1BA3-A61EC2A24D84}
		{51FDF2A6-98E1-4419-A391-B92C9C56B42B} = {0AB3BF05-4346-4AA6-1389-037BE0695223}
		{E0932DFC-B015-41BE-8E08-E2C517D265DA} = {07C2787E-EAC7-C090-1BA3-A61EC2A24D84}
		{A705E246-9B0F-487D-97A1-A0847E68ACD2} = {07C2787E-EAC7-C090-1BA3-A61EC2A24D84}
		{8603C91B-2425-42BE-B7C9-49C2A6EDDE1E} = {07C2787E-EAC7-C090-1BA3-A61EC2A24D84}
		{ED8EC4D9-05EC-425A-A456-143C724B260C} = {07C2787E-EAC7-C090-1BA3-A61EC2A24D84}
		{7C09B8E4-67D6-4DBA-A865-2D82C250B9AA} = {0AB3BF05-4346-4AA6-1389-037BE0695223}
		{893FDA66-EF45-4E2E-8263-3BD1ECC29D55} = {07C2787E-EAC7-C090-1BA3-A61EC2A24D84}
		{F4B0A89D-2AB3-4161-B08A-A751606BE1B5} = {07C2787E-EAC7-C090-1BA3-A61EC2A24D84}
		{58D289A6-0F49-4575-86D1-C518172B76F4} = {07C2787E-EAC7-C090-1BA3-A61EC2A24D84}
	EndGlobalSection
EndGlobal
